
Microsoft Visual Studio Solution File, Format Version 12.00
# Visual Studio Version 16
VisualStudioVersion = 16.0.810.22
MinimumVisualStudioVersion = 10.0.40219.1
Project("{FAE04EC0-301F-11D3-BF4B-00C04F79EFBC}") = "AllbridgePmTelegramBot", "AllbridgePmTelegramBot\AllbridgePmTelegramBot.csproj", "{B8E63185-4838-4E48-B3B0-5FF67461C80E}"
EndProject
Global
	GlobalSection(SolutionConfigurationPlatforms) = preSolution
		Debug|Any CPU = Debug|Any CPU
		Release|Any CPU = Release|Any CPU
	EndGlobalSection
	GlobalSection(ProjectConfigurationPlatforms) = postSolution
		{B8E63185-4838-4E48-B3B0-5FF67461C80E}.Debug|Any CPU.ActiveCfg = Debug|Any CPU
		{B8E63185-4838-4E48-B3B0-5FF67461C80E}.Debug|Any CPU.Build.0 = Debug|Any CPU
		{B8E63185-4838-4E48-B3B0-5FF67461C80E}.Release|Any CPU.ActiveCfg = Release|Any CPU
		{B8E63185-4838-4E48-B3B0-5FF67461C80E}.Release|Any CPU.Build.0 = Release|Any CPU
	EndGlobalSection
	GlobalSection(SolutionProperties) = preSolution
		HideSolutionNode = FALSE
	EndGlobalSection
	GlobalSection(ExtensibilityGlobals) = postSolution
		SolutionGuid = {7DEAF1D9-F9AB-4985-A92C-73FBFDEE3F7E}
	EndGlobalSection
EndGlobal
